
Microsoft Visual Studio Solution File, Format Version 12.00
# Visual Studio Version 17
VisualStudioVersion = 17.5.33424.131
MinimumVisualStudioVersion = 10.0.40219.1
Project("{9A19103F-16F7-4668-BE54-9A1E7A4F7556}") = "Codingbat", "Codingbat.csproj", "{A1E6A7A7-5D6E-4591-B05B-F100F1227276}"
EndProject
Global
	GlobalSection(SolutionConfigurationPlatforms) = preSolution
		Debug|Any CPU = Debug|Any CPU
		Release|Any CPU = Release|Any CPU
	EndGlobalSection
	GlobalSection(ProjectConfigurationPlatforms) = postSolution
		{A1E6A7A7-5D6E-4591-B05B-F100F1227276}.Debug|Any CPU.ActiveCfg = Debug|Any CPU
		{A1E6A7A7-5D6E-4591-B05B-F100F1227276}.Debug|Any CPU.Build.0 = Debug|Any CPU
		{A1E6A7A7-5D6E-4591-B05B-F100F1227276}.Release|Any CPU.ActiveCfg = Release|Any CPU
		{A1E6A7A7-5D6E-4591-B05B-F100F1227276}.Release|Any CPU.Build.0 = Release|Any CPU
	EndGlobalSection
	GlobalSection(SolutionProperties) = preSolution
		HideSolutionNode = FALSE
	EndGlobalSection
	GlobalSection(ExtensibilityGlobals) = postSolution
		SolutionGuid = {57383D9D-1856-422A-A283-AD2C9B15C47E}
	EndGlobalSection
EndGlobal
